
Microsoft Visual Studio Solution File, Format Version 12.00
# Visual Studio Version 16
VisualStudioVersion = 16.0.31112.23
MinimumVisualStudioVersion = 10.0.40219.1
Project("{FAE04EC0-301F-11D3-BF4B-00C04F79EFBC}") = "Runestones", "Runestones.csproj", "{7431B68B-2963-4137-96E8-FA6FF2C630C1}"
EndProject
Global
	GlobalSection(SolutionConfigurationPlatforms) = preSolution
		Debug|Any CPU = Debug|Any CPU
		Release|Any CPU = Release|Any CPU
	EndGlobalSection
	GlobalSection(ProjectConfigurationPlatforms) = postSolution
		{7431B68B-2963-4137-96E8-FA6FF2C630C1}.Debug|Any CPU.ActiveCfg = Debug|Any CPU
		{7431B68B-2963-4137-96E8-FA6FF2C630C1}.Debug|Any CPU.Build.0 = Debug|Any CPU
		{7431B68B-2963-4137-96E8-FA6FF2C630C1}.Release|Any CPU.ActiveCfg = Release|Any CPU
		{7431B68B-2963-4137-96E8-FA6FF2C630C1}.Release|Any CPU.Build.0 = Release|Any CPU
	EndGlobalSection
	GlobalSection(SolutionProperties) = preSolution
		HideSolutionNode = FALSE
	EndGlobalSection
	GlobalSection(ExtensibilityGlobals) = postSolution
		SolutionGuid = {1CB8D8B1-F5E4-4711-AAAC-94C8FF9D2E94}
	EndGlobalSection
EndGlobal
